// !$*UTF8*$!
{
	archiveVersion = 1;
	classes = {
	};
	objectVersion = 56;
	objects = {

/* Begin PBXBuildFile section */
		880CCB712A38DB1800C4F042 /* FruitModel.swift in Sources */ = {isa = PBXBuildFile; fileRef = 880CCB702A38DB1800C4F042 /* FruitModel.swift */; };
		880CCB742A38DB9D00C4F042 /* FruitData.swift in Sources */ = {isa = PBXBuildFile; fileRef = 880CCB732A38DB9D00C4F042 /* FruitData.swift */; };
		882DC7D02A28183000BD5045 /* FruitsApp.swift in Sources */ = {isa = PBXBuildFile; fileRef = 882DC7CF2A28183000BD5045 /* FruitsApp.swift */; };
		882DC7D22A28183000BD5045 /* ContentView.swift in Sources */ = {isa = PBXBuildFile; fileRef = 882DC7D12A28183000BD5045 /* ContentView.swift */; };
		882DC7D42A28183100BD5045 /* Assets.xcassets in Resources */ = {isa = PBXBuildFile; fileRef = 882DC7D32A28183100BD5045 /* Assets.xcassets */; };
		882DC7D72A28183100BD5045 /* Preview Assets.xcassets in Resources */ = {isa = PBXBuildFile; fileRef = 882DC7D62A28183100BD5045 /* Preview Assets.xcassets */; };
		882DC7E12A28183100BD5045 /* FruitsTests.swift in Sources */ = {isa = PBXBuildFile; fileRef = 882DC7E02A28183100BD5045 /* FruitsTests.swift */; };
		882DC7EB2A28183100BD5045 /* FruitsUITests.swift in Sources */ = {isa = PBXBuildFile; fileRef = 882DC7EA2A28183100BD5045 /* FruitsUITests.swift */; };
		882DC7ED2A28183100BD5045 /* FruitsUITestsLaunchTests.swift in Sources */ = {isa = PBXBuildFile; fileRef = 882DC7EC2A28183100BD5045 /* FruitsUITestsLaunchTests.swift */; };
		888980452A38B7A800CB00D5 /* StartButtonView.swift in Sources */ = {isa = PBXBuildFile; fileRef = 888980442A38B7A800CB00D5 /* StartButtonView.swift */; };
		888980472A38BB5B00CB00D5 /* OnboardingView.swift in Sources */ = {isa = PBXBuildFile; fileRef = 888980462A38BB5B00CB00D5 /* OnboardingView.swift */; };
		88B19B672A29181600323026 /* FruitsCardView.swift in Sources */ = {isa = PBXBuildFile; fileRef = 88B19B662A29181600323026 /* FruitsCardView.swift */; };
/* End PBXBuildFile section */

/* Begin PBXContainerItemProxy section */
		882DC7DD2A28183100BD5045 /* PBXContainerItemProxy */ = {
			isa = PBXContainerItemProxy;
			containerPortal = 882DC7C42A28183000BD5045 /* Project object */;
			proxyType = 1;
			remoteGlobalIDString = 882DC7CB2A28183000BD5045;
			remoteInfo = Fruits;
		};
		882DC7E72A28183100BD5045 /* PBXContainerItemProxy */ = {
			isa = PBXContainerItemProxy;
			containerPortal = 882DC7C42A28183000BD5045 /* Project object */;
			proxyType = 1;
			remoteGlobalIDString = 882DC7CB2A28183000BD5045;
			remoteInfo = Fruits;
		};
/* End PBXContainerItemProxy section */

/* Begin PBXFileReference section */
		880CCB702A38DB1800C4F042 /* FruitModel.swift */ = {isa = PBXFileReference; lastKnownFileType = sourcecode.swift; path = FruitModel.swift; sourceTree = "<group>"; };
		880CCB732A38DB9D00C4F042 /* FruitData.swift */ = {isa = PBXFileReference; lastKnownFileType = sourcecode.swift; path = FruitData.swift; sourceTree = "<group>"; };
		882DC7CC2A28183000BD5045 /* Fruits.app */ = {isa = PBXFileReference; explicitFileType = wrapper.application; includeInIndex = 0; path = Fruits.app; sourceTree = BUILT_PRODUCTS_DIR; };
		882DC7CF2A28183000BD5045 /* FruitsApp.swift */ = {isa = PBXFileReference; lastKnownFileType = sourcecode.swift; path = FruitsApp.swift; sourceTree = "<group>"; };
		882DC7D12A28183000BD5045 /* ContentView.swift */ = {isa = PBXFileReference; lastKnownFileType = sourcecode.swift; path = ContentView.swift; sourceTree = "<group>"; };
		882DC7D32A28183100BD5045 /* Assets.xcassets */ = {isa = PBXFileReference; lastKnownFileType = folder.assetcatalog; path = Assets.xcassets; sourceTree = "<group>"; };
		882DC7D62A28183100BD5045 /* Preview Assets.xcassets */ = {isa = PBXFileReference; lastKnownFileType = folder.assetcatalog; path = "Preview Assets.xcassets"; sourceTree = "<group>"; };
		882DC7DC2A28183100BD5045 /* FruitsTests.xctest */ = {isa = PBXFileReference; explicitFileType = wrapper.cfbundle; includeInIndex = 0; path = FruitsTests.xctest; sourceTree = BUILT_PRODUCTS_DIR; };
		882DC7E02A28183100BD5045 /* FruitsTests.swift */ = {isa = PBXFileReference; lastKnownFileType = sourcecode.swift; path = FruitsTests.swift; sourceTree = "<group>"; };
		882DC7E62A28183100BD5045 /* FruitsUITests.xctest */ = {isa = PBXFileReference; explicitFileType = wrapper.cfbundle; includeInIndex = 0; path = FruitsUITests.xctest; sourceTree = BUILT_PRODUCTS_DIR; };
		882DC7EA2A28183100BD5045 /* FruitsUITests.swift */ = {isa = PBXFileReference; lastKnownFileType = sourcecode.swift; path = FruitsUITests.swift; sourceTree = "<group>"; };
		882DC7EC2A28183100BD5045 /* FruitsUITestsLaunchTests.swift */ = {isa = PBXFileReference; lastKnownFileType = sourcecode.swift; path = FruitsUITestsLaunchTests.swift; sourceTree = "<group>"; };
		888980442A38B7A800CB00D5 /* StartButtonView.swift */ = {isa = PBXFileReference; lastKnownFileType = sourcecode.swift; path = StartButtonView.swift; sourceTree = "<group>"; };
		888980462A38BB5B00CB00D5 /* OnboardingView.swift */ = {isa = PBXFileReference; lastKnownFileType = sourcecode.swift; path = OnboardingView.swift; sourceTree = "<group>"; };
		88B19B662A29181600323026 /* FruitsCardView.swift */ = {isa = PBXFileReference; lastKnownFileType = sourcecode.swift; path = FruitsCardView.swift; sourceTree = "<group>"; };
/* End PBXFileReference section */

/* Begin PBXFrameworksBuildPhase section */
		882DC7C92A28183000BD5045 /* Frameworks */ = {
			isa = PBXFrameworksBuildPhase;
			buildActionMask = 2147483647;
			files = (
			);
			runOnlyForDeploymentPostprocessing = 0;
		};
		882DC7D92A28183100BD5045 /* Frameworks */ = {
			isa = PBXFrameworksBuildPhase;
			buildActionMask = 2147483647;
			files = (
			);
			runOnlyForDeploymentPostprocessing = 0;
		};
		882DC7E32A28183100BD5045 /* Frameworks */ = {
			isa = PBXFrameworksBuildPhase;
			buildActionMask = 2147483647;
			files = (
			);
			runOnlyForDeploymentPostprocessing = 0;
		};
/* End PBXFrameworksBuildPhase section */

/* Begin PBXGroup section */
		880CCB6F2A38DB0900C4F042 /* Model */ = {
			isa = PBXGroup;
			children = (
				880CCB702A38DB1800C4F042 /* FruitModel.swift */,
			);
			path = Model;
			sourceTree = "<group>";
		};
		880CCB722A38DB8A00C4F042 /* Data */ = {
			isa = PBXGroup;
			children = (
				880CCB732A38DB9D00C4F042 /* FruitData.swift */,
			);
			path = Data;
			sourceTree = "<group>";
		};
		882DC7C32A28183000BD5045 = {
			isa = PBXGroup;
			children = (
				882DC7CE2A28183000BD5045 /* Fruits */,
				882DC7DF2A28183100BD5045 /* FruitsTests */,
				882DC7E92A28183100BD5045 /* FruitsUITests */,
				882DC7CD2A28183000BD5045 /* Products */,
			);
			sourceTree = "<group>";
		};
		882DC7CD2A28183000BD5045 /* Products */ = {
			isa = PBXGroup;
			children = (
				882DC7CC2A28183000BD5045 /* Fruits.app */,
				882DC7DC2A28183100BD5045 /* FruitsTests.xctest */,
				882DC7E62A28183100BD5045 /* FruitsUITests.xctest */,
			);
			name = Products;
			sourceTree = "<group>";
		};
		882DC7CE2A28183000BD5045 /* Fruits */ = {
			isa = PBXGroup;
			children = (
				880CCB722A38DB8A00C4F042 /* Data */,
				880CCB6F2A38DB0900C4F042 /* Model */,
				88B19B652A2917F900323026 /* View */,
				88B19B642A2917DA00323026 /* App */,
				882DC7D32A28183100BD5045 /* Assets.xcassets */,
				882DC7D52A28183100BD5045 /* Preview Content */,
			);
			path = Fruits;
			sourceTree = "<group>";
		};
		882DC7D52A28183100BD5045 /* Preview Content */ = {
			isa = PBXGroup;
			children = (
				882DC7D62A28183100BD5045 /* Preview Assets.xcassets */,
			);
			path = "Preview Content";
			sourceTree = "<group>";
		};
		882DC7DF2A28183100BD5045 /* FruitsTests */ = {
			isa = PBXGroup;
			children = (
				882DC7E02A28183100BD5045 /* FruitsTests.swift */,
			);
			path = FruitsTests;
			sourceTree = "<group>";
		};
		882DC7E92A28183100BD5045 /* FruitsUITests */ = {
			isa = PBXGroup;
			children = (
				882DC7EA2A28183100BD5045 /* FruitsUITests.swift */,
				882DC7EC2A28183100BD5045 /* FruitsUITestsLaunchTests.swift */,
			);
			path = FruitsUITests;
			sourceTree = "<group>";
		};
		88B19B642A2917DA00323026 /* App */ = {
			isa = PBXGroup;
			children = (
				882DC7CF2A28183000BD5045 /* FruitsApp.swift */,
				882DC7D12A28183000BD5045 /* ContentView.swift */,
				888980462A38BB5B00CB00D5 /* OnboardingView.swift */,
			);
			path = App;
			sourceTree = "<group>";
		};
		88B19B652A2917F900323026 /* View */ = {
			isa = PBXGroup;
			children = (
				88B19B662A29181600323026 /* FruitsCardView.swift */,
				888980442A38B7A800CB00D5 /* StartButtonView.swift */,
			);
			path = View;
			sourceTree = "<group>";
		};
/* End PBXGroup section */

/* Begin PBXNativeTarget section */
		882DC7CB2A28183000BD5045 /* Fruits */ = {
			isa = PBXNativeTarget;
			buildConfigurationList = 882DC7F02A28183100BD5045 /* Build configuration list for PBXNativeTarget "Fruits" */;
			buildPhases = (
				882DC7C82A28183000BD5045 /* Sources */,
				882DC7C92A28183000BD5045 /* Frameworks */,
				882DC7CA2A28183000BD5045 /* Resources */,
			);
			buildRules = (
			);
			dependencies = (
			);
			name = Fruits;
			productName = Fruits;
			productReference = 882DC7CC2A28183000BD5045 /* Fruits.app */;
			productType = "com.apple.product-type.application";
		};
		882DC7DB2A28183100BD5045 /* FruitsTests */ = {
			isa = PBXNativeTarget;
			buildConfigurationList = 882DC7F32A28183100BD5045 /* Build configuration list for PBXNativeTarget "FruitsTests" */;
			buildPhases = (
				882DC7D82A28183100BD5045 /* Sources */,
				882DC7D92A28183100BD5045 /* Frameworks */,
				882DC7DA2A28183100BD5045 /* Resources */,
			);
			buildRules = (
			);
			dependencies = (
				882DC7DE2A28183100BD5045 /* PBXTargetDependency */,
			);
			name = FruitsTests;
			productName = FruitsTests;
			productReference = 882DC7DC2A28183100BD5045 /* FruitsTests.xctest */;
			productType = "com.apple.product-type.bundle.unit-test";
		};
		882DC7E52A28183100BD5045 /* FruitsUITests */ = {
			isa = PBXNativeTarget;
			buildConfigurationList = 882DC7F62A28183100BD5045 /* Build configuration list for PBXNativeTarget "FruitsUITests" */;
			buildPhases = (
				882DC7E22A28183100BD5045 /* Sources */,
				882DC7E32A28183100BD5045 /* Frameworks */,
				882DC7E42A28183100BD5045 /* Resources */,
			);
			buildRules = (
			);
			dependencies = (
				882DC7E82A28183100BD5045 /* PBXTargetDependency */,
			);
			name = FruitsUITests;
			productName = FruitsUITests;
			productReference = 882DC7E62A28183100BD5045 /* FruitsUITests.xctest */;
			productType = "com.apple.product-type.bundle.ui-testing";
		};
/* End PBXNativeTarget section */

/* Begin PBXProject section */
		882DC7C42A28183000BD5045 /* Project object */ = {
			isa = PBXProject;
			attributes = {
				BuildIndependentTargetsInParallel = 1;
				LastSwiftUpdateCheck = 1430;
				LastUpgradeCheck = 1430;
				TargetAttributes = {
					882DC7CB2A28183000BD5045 = {
						CreatedOnToolsVersion = 14.3;
					};
					882DC7DB2A28183100BD5045 = {
						CreatedOnToolsVersion = 14.3;
						TestTargetID = 882DC7CB2A28183000BD5045;
					};
					882DC7E52A28183100BD5045 = {
						CreatedOnToolsVersion = 14.3;
						TestTargetID = 882DC7CB2A28183000BD5045;
					};
				};
			};
			buildConfigurationList = 882DC7C72A28183000BD5045 /* Build configuration list for PBXProject "Fruits" */;
			compatibilityVersion = "Xcode 14.0";
			developmentRegion = en;
			hasScannedForEncodings = 0;
			knownRegions = (
				en,
				Base,
			);
			mainGroup = 882DC7C32A28183000BD5045;
			productRefGroup = 882DC7CD2A28183000BD5045 /* Products */;
			projectDirPath = "";
			projectRoot = "";
			targets = (
				882DC7CB2A28183000BD5045 /* Fruits */,
				882DC7DB2A28183100BD5045 /* FruitsTests */,
				882DC7E52A28183100BD5045 /* FruitsUITests */,
			);
		};
/* End PBXProject section */

/* Begin PBXResourcesBuildPhase section */
		882DC7CA2A28183000BD5045 /* Resources */ = {
			isa = PBXResourcesBuildPhase;
			buildActionMask = 2147483647;
			files = (
				882DC7D72A28183100BD5045 /* Preview Assets.xcassets in Resources */,
				882DC7D42A28183100BD5045 /* Assets.xcassets in Resources */,
			);
			runOnlyForDeploymentPostprocessing = 0;
		};
		882DC7DA2A28183100BD5045 /* Resources */ = {
			isa = PBXResourcesBuildPhase;
			buildActionMask = 2147483647;
			files = (
			);
			runOnlyForDeploymentPostprocessing = 0;
		};
		882DC7E42A28183100BD5045 /* Resources */ = {
			isa = PBXResourcesBuildPhase;
			buildActionMask = 2147483647;
			files = (
			);
			runOnlyForDeploymentPostprocessing = 0;
		};
/* End PBXResourcesBuildPhase section */

/* Begin PBXSourcesBuildPhase section */
		882DC7C82A28183000BD5045 /* Sources */ = {
			isa = PBXSourcesBuildPhase;
			buildActionMask = 2147483647;
			files = (
				880CCB742A38DB9D00C4F042 /* FruitData.swift in Sources */,
				88B19B672A29181600323026 /* FruitsCardView.swift in Sources */,
				888980452A38B7A800CB00D5 /* StartButtonView.swift in Sources */,
				882DC7D22A28183000BD5045 /* ContentView.swift in Sources */,
				888980472A38BB5B00CB00D5 /* OnboardingView.swift in Sources */,
				880CCB712A38DB1800C4F042 /* FruitModel.swift in Sources */,
				882DC7D02A28183000BD5045 /* FruitsApp.swift in Sources */,
			);
			runOnlyForDeploymentPostprocessing = 0;
		};
		882DC7D82A28183100BD5045 /* Sources */ = {
			isa = PBXSourcesBuildPhase;
			buildActionMask = 2147483647;
			files = (
				882DC7E12A28183100BD5045 /* FruitsTests.swift in Sources */,
			);
			runOnlyForDeploymentPostprocessing = 0;
		};
		882DC7E22A28183100BD5045 /* Sources */ = {
			isa = PBXSourcesBuildPhase;
			buildActionMask = 2147483647;
			files = (
				882DC7EB2A28183100BD5045 /* FruitsUITests.swift in Sources */,
				882DC7ED2A28183100BD5045 /* FruitsUITestsLaunchTests.swift in Sources */,
			);
			runOnlyForDeploymentPostprocessing = 0;
		};
/* End PBXSourcesBuildPhase section */

/* Begin PBXTargetDependency section */
		882DC7DE2A28183100BD5045 /* PBXTargetDependency */ = {
			isa = PBXTargetDependency;
			target = 882DC7CB2A28183000BD5045 /* Fruits */;
			targetProxy = 882DC7DD2A28183100BD5045 /* PBXContainerItemProxy */;
		};
		882DC7E82A28183100BD5045 /* PBXTargetDependency */ = {
			isa = PBXTargetDependency;
			target = 882DC7CB2A28183000BD5045 /* Fruits */;
			targetProxy = 882DC7E72A28183100BD5045 /* PBXContainerItemProxy */;
		};
/* End PBXTargetDependency section */

/* Begin XCBuildConfiguration section */
		882DC7EE2A28183100BD5045 /* Debug */ = {
			isa = XCBuildConfiguration;
			buildSettings = {
				ALWAYS_SEARCH_USER_PATHS = NO;
				CLANG_ANALYZER_NONNULL = YES;
				CLANG_ANALYZER_NUMBER_OBJECT_CONVERSION = YES_AGGRESSIVE;
				CLANG_CXX_LANGUAGE_STANDARD = "gnu++20";
				CLANG_ENABLE_MODULES = YES;
				CLANG_ENABLE_OBJC_ARC = YES;
				CLANG_ENABLE_OBJC_WEAK = YES;
				CLANG_WARN_BLOCK_CAPTURE_AUTORELEASING = YES;
				CLANG_WARN_BOOL_CONVERSION = YES;
				CLANG_WARN_COMMA = YES;
				CLANG_WARN_CONSTANT_CONVERSION = YES;
				CLANG_WARN_DEPRECATED_OBJC_IMPLEMENTATIONS = YES;
				CLANG_WARN_DIRECT_OBJC_ISA_USAGE = YES_ERROR;
				CLANG_WARN_DOCUMENTATION_COMMENTS = YES;
				CLANG_WARN_EMPTY_BODY = YES;
				CLANG_WARN_ENUM_CONVERSION = YES;
				CLANG_WARN_INFINITE_RECURSION = YES;
				CLANG_WARN_INT_CONVERSION = YES;
				CLANG_WARN_NON_LITERAL_NULL_CONVERSION = YES;
				CLANG_WARN_OBJC_IMPLICIT_RETAIN_SELF = YES;
				CLANG_WARN_OBJC_LITERAL_CONVERSION = YES;
				CLANG_WARN_OBJC_ROOT_CLASS = YES_ERROR;
				CLANG_WARN_QUOTED_INCLUDE_IN_FRAMEWORK_HEADER = YES;
				CLANG_WARN_RANGE_LOOP_ANALYSIS = YES;
				CLANG_WARN_STRICT_PROTOTYPES = YES;
				CLANG_WARN_SUSPICIOUS_MOVE = YES;
				CLANG_WARN_UNGUARDED_AVAILABILITY = YES_AGGRESSIVE;
				CLANG_WARN_UNREACHABLE_CODE = YES;
				CLANG_WARN__DUPLICATE_METHOD_MATCH = YES;
				COPY_PHASE_STRIP = NO;
				DEBUG_INFORMATION_FORMAT = dwarf;
				ENABLE_STRICT_OBJC_MSGSEND = YES;
				ENABLE_TESTABILITY = YES;
				GCC_C_LANGUAGE_STANDARD = gnu11;
				GCC_DYNAMIC_NO_PIC = NO;
				GCC_NO_COMMON_BLOCKS = YES;
				GCC_OPTIMIZATION_LEVEL = 0;
				GCC_PREPROCESSOR_DEFINITIONS = (
					"DEBUG=1",
					"$(inherited)",
				);
				GCC_WARN_64_TO_32_BIT_CONVERSION = YES;
				GCC_WARN_ABOUT_RETURN_TYPE = YES_ERROR;
				GCC_WARN_UNDECLARED_SELECTOR = YES;
				GCC_WARN_UNINITIALIZED_AUTOS = YES_AGGRESSIVE;
				GCC_WARN_UNUSED_FUNCTION = YES;
				GCC_WARN_UNUSED_VARIABLE = YES;
				IPHONEOS_DEPLOYMENT_TARGET = 16.4;
				MTL_ENABLE_DEBUG_INFO = INCLUDE_SOURCE;
				MTL_FAST_MATH = YES;
				ONLY_ACTIVE_ARCH = YES;
				SDKROOT = iphoneos;
				SWIFT_ACTIVE_COMPILATION_CONDITIONS = DEBUG;
				SWIFT_OPTIMIZATION_LEVEL = "-Onone";
			};
			name = Debug;
		};
		882DC7EF2A28183100BD5045 /* Release */ = {
			isa = XCBuildConfiguration;
			buildSettings = {
				ALWAYS_SEARCH_USER_PATHS = NO;
				CLANG_ANALYZER_NONNULL = YES;
				CLANG_ANALYZER_NUMBER_OBJECT_CONVERSION = YES_AGGRESSIVE;
				CLANG_CXX_LANGUAGE_STANDARD = "gnu++20";
				CLANG_ENABLE_MODULES = YES;
				CLANG_ENABLE_OBJC_ARC = YES;
				CLANG_ENABLE_OBJC_WEAK = YES;
				CLANG_WARN_BLOCK_CAPTURE_AUTORELEASING = YES;
				CLANG_WARN_BOOL_CONVERSION = YES;
				CLANG_WARN_COMMA = YES;
				CLANG_WARN_CONSTANT_CONVERSION = YES;
				CLANG_WARN_DEPRECATED_OBJC_IMPLEMENTATIONS = YES;
				CLANG_WARN_DIRECT_OBJC_ISA_USAGE = YES_ERROR;
				CLANG_WARN_DOCUMENTATION_COMMENTS = YES;
				CLANG_WARN_EMPTY_BODY = YES;
				CLANG_WARN_ENUM_CONVERSION = YES;
				CLANG_WARN_INFINITE_RECURSION = YES;
				CLANG_WARN_INT_CONVERSION = YES;
				CLANG_WARN_NON_LITERAL_NULL_CONVERSION = YES;
				CLANG_WARN_OBJC_IMPLICIT_RETAIN_SELF = YES;
				CLANG_WARN_OBJC_LITERAL_CONVERSION = YES;
				CLANG_WARN_OBJC_ROOT_CLASS = YES_ERROR;
				CLANG_WARN_QUOTED_INCLUDE_IN_FRAMEWORK_HEADER = YES;
				CLANG_WARN_RANGE_LOOP_ANALYSIS = YES;
				CLANG_WARN_STRICT_PROTOTYPES = YES;
				CLANG_WARN_SUSPICIOUS_MOVE = YES;
				CLANG_WARN_UNGUARDED_AVAILABILITY = YES_AGGRESSIVE;
				CLANG_WARN_UNREACHABLE_CODE = YES;
				CLANG_WARN__DUPLICATE_METHOD_MATCH = YES;
				COPY_PHASE_STRIP = NO;
				DEBUG_INFORMATION_FORMAT = "dwarf-with-dsym";
				ENABLE_NS_ASSERTIONS = NO;
				ENABLE_STRICT_OBJC_MSGSEND = YES;
				GCC_C_LANGUAGE_STANDARD = gnu11;
				GCC_NO_COMMON_BLOCKS = YES;
				GCC_WARN_64_TO_32_BIT_CONVERSION = YES;
				GCC_WARN_ABOUT_RETURN_TYPE = YES_ERROR;
				GCC_WARN_UNDECLARED_SELECTOR = YES;
				GCC_WARN_UNINITIALIZED_AUTOS = YES_AGGRESSIVE;
				GCC_WARN_UNUSED_FUNCTION = YES;
				GCC_WARN_UNUSED_VARIABLE = YES;
				IPHONEOS_DEPLOYMENT_TARGET = 16.4;
				MTL_ENABLE_DEBUG_INFO = NO;
				MTL_FAST_MATH = YES;
				SDKROOT = iphoneos;
				SWIFT_COMPILATION_MODE = wholemodule;
				SWIFT_OPTIMIZATION_LEVEL = "-O";
				VALIDATE_PRODUCT = YES;
			};
			name = Release;
		};
		882DC7F12A28183100BD5045 /* Debug */ = {
			isa = XCBuildConfiguration;
			buildSettings = {
				ASSETCATALOG_COMPILER_APPICON_NAME = AppIcon;
				ASSETCATALOG_COMPILER_GLOBAL_ACCENT_COLOR_NAME = AccentColor;
				CODE_SIGN_STYLE = Automatic;
				CURRENT_PROJECT_VERSION = 1;
				DEVELOPMENT_ASSET_PATHS = "\"Fruits/Preview Content\"";
				DEVELOPMENT_TEAM = HXUYU6LP5D;
				ENABLE_PREVIEWS = YES;
				GENERATE_INFOPLIST_FILE = YES;
				INFOPLIST_KEY_UIApplicationSceneManifest_Generation = YES;
				INFOPLIST_KEY_UIApplicationSupportsIndirectInputEvents = YES;
				INFOPLIST_KEY_UILaunchScreen_Generation = YES;
				INFOPLIST_KEY_UISupportedInterfaceOrientations = UIInterfaceOrientationPortrait;
				INFOPLIST_KEY_UISupportedInterfaceOrientations_iPad = "UIInterfaceOrientationLandscapeLeft UIInterfaceOrientationLandscapeRight UIInterfaceOrientationPortrait UIInterfaceOrientationPortraitUpsideDown";
				LD_RUNPATH_SEARCH_PATHS = (
					"$(inherited)",
					"@executable_path/Frameworks",
				);
				MARKETING_VERSION = 1.0;
				PRODUCT_BUNDLE_IDENTIFIER = wolf.Fruits;
				PRODUCT_NAME = "$(TARGET_NAME)";
				SWIFT_EMIT_LOC_STRINGS = YES;
				SWIFT_VERSION = 5.0;
				TARGETED_DEVICE_FAMILY = "1,2";
			};
			name = Debug;
		};
		882DC7F22A28183100BD5045 /* Release */ = {
			isa = XCBuildConfiguration;
			buildSettings = {
				ASSETCATALOG_COMPILER_APPICON_NAME = AppIcon;
				ASSETCATALOG_COMPILER_GLOBAL_ACCENT_COLOR_NAME = AccentColor;
				CODE_SIGN_STYLE = Automatic;
				CURRENT_PROJECT_VERSION = 1;
				DEVELOPMENT_ASSET_PATHS = "\"Fruits/Preview Content\"";
				DEVELOPMENT_TEAM = HXUYU6LP5D;
				ENABLE_PREVIEWS = YES;
				GENERATE_INFOPLIST_FILE = YES;
				INFOPLIST_KEY_UIApplicationSceneManifest_Generation = YES;
				INFOPLIST_KEY_UIApplicationSupportsIndirectInputEvents = YES;
				INFOPLIST_KEY_UILaunchScreen_Generation = YES;
				INFOPLIST_KEY_UISupportedInterfaceOrientations = UIInterfaceOrientationPortrait;
				INFOPLIST_KEY_UISupportedInterfaceOrientations_iPad = "UIInterfaceOrientationLandscapeLeft UIInterfaceOrientationLandscapeRight UIInterfaceOrientationPortrait UIInterfaceOrientationPortraitUpsideDown";
				LD_RUNPATH_SEARCH_PATHS = (
					"$(inherited)",
					"@executable_path/Frameworks",
				);
				MARKETING_VERSION = 1.0;
				PRODUCT_BUNDLE_IDENTIFIER = wolf.Fruits;
				PRODUCT_NAME = "$(TARGET_NAME)";
				SWIFT_EMIT_LOC_STRINGS = YES;
				SWIFT_VERSION = 5.0;
				TARGETED_DEVICE_FAMILY = "1,2";
			};
			name = Release;
		};
		882DC7F42A28183100BD5045 /* Debug */ = {
			isa = XCBuildConfiguration;
			buildSettings = {
				ALWAYS_EMBED_SWIFT_STANDARD_LIBRARIES = YES;
				BUNDLE_LOADER = "$(TEST_HOST)";
				CODE_SIGN_STYLE = Automatic;
				CURRENT_PROJECT_VERSION = 1;
				DEVELOPMENT_TEAM = HXUYU6LP5D;
				GENERATE_INFOPLIST_FILE = YES;
				IPHONEOS_DEPLOYMENT_TARGET = 16.4;
				MARKETING_VERSION = 1.0;
				PRODUCT_BUNDLE_IDENTIFIER = wolf.FruitsTests;
				PRODUCT_NAME = "$(TARGET_NAME)";
				SWIFT_EMIT_LOC_STRINGS = NO;
				SWIFT_VERSION = 5.0;
				TARGETED_DEVICE_FAMILY = "1,2";
				TEST_HOST = "$(BUILT_PRODUCTS_DIR)/Fruits.app/$(BUNDLE_EXECUTABLE_FOLDER_PATH)/Fruits";
			};
			name = Debug;
		};
		882DC7F52A28183100BD5045 /* Release */ = {
			isa = XCBuildConfiguration;
			buildSettings = {
				ALWAYS_EMBED_SWIFT_STANDARD_LIBRARIES = YES;
				BUNDLE_LOADER = "$(TEST_HOST)";
				CODE_SIGN_STYLE = Automatic;
				CURRENT_PROJECT_VERSION = 1;
				DEVELOPMENT_TEAM = HXUYU6LP5D;
				GENERATE_INFOPLIST_FILE = YES;
				IPHONEOS_DEPLOYMENT_TARGET = 16.4;
				MARKETING_VERSION = 1.0;
				PRODUCT_BUNDLE_IDENTIFIER = wolf.FruitsTests;
				PRODUCT_NAME = "$(TARGET_NAME)";
				SWIFT_EMIT_LOC_STRINGS = NO;
				SWIFT_VERSION = 5.0;
				TARGETED_DEVICE_FAMILY = "1,2";
				TEST_HOST = "$(BUILT_PRODUCTS_DIR)/Fruits.app/$(BUNDLE_EXECUTABLE_FOLDER_PATH)/Fruits";
			};
			name = Release;
		};
		882DC7F72A28183100BD5045 /* Debug */ = {
			isa = XCBuildConfiguration;
			buildSettings = {
				ALWAYS_EMBED_SWIFT_STANDARD_LIBRARIES = YES;
				CODE_SIGN_STYLE = Automatic;
				CURRENT_PROJECT_VERSION = 1;
				DEVELOPMENT_TEAM = HXUYU6LP5D;
				GENERATE_INFOPLIST_FILE = YES;
				MARKETING_VERSION = 1.0;
				PRODUCT_BUNDLE_IDENTIFIER = wolf.FruitsUITests;
				PRODUCT_NAME = "$(TARGET_NAME)";
				SWIFT_EMIT_LOC_STRINGS = NO;
				SWIFT_VERSION = 5.0;
				TARGETED_DEVICE_FAMILY = "1,2";
				TEST_TARGET_NAME = Fruits;
			};
			name = Debug;
		};
		882DC7F82A28183100BD5045 /* Release */ = {
			isa = XCBuildConfiguration;
			buildSettings = {
				ALWAYS_EMBED_SWIFT_STANDARD_LIBRARIES = YES;
				CODE_SIGN_STYLE = Automatic;
				CURRENT_PROJECT_VERSION = 1;
				DEVELOPMENT_TEAM = HXUYU6LP5D;
				GENERATE_INFOPLIST_FILE = YES;
				MARKETING_VERSION = 1.0;
				PRODUCT_BUNDLE_IDENTIFIER = wolf.FruitsUITests;
				PRODUCT_NAME = "$(TARGET_NAME)";
				SWIFT_EMIT_LOC_STRINGS = NO;
				SWIFT_VERSION = 5.0;
				TARGETED_DEVICE_FAMILY = "1,2";
				TEST_TARGET_NAME = Fruits;
			};
			name = Release;
		};
/* End XCBuildConfiguration section */

/* Begin XCConfigurationList section */
		882DC7C72A28183000BD5045 /* Build configuration list for PBXProject "Fruits" */ = {
			isa = XCConfigurationList;
			buildConfigurations = (
				882DC7EE2A28183100BD5045 /* Debug */,
				882DC7EF2A28183100BD5045 /* Release */,
			);
			defaultConfigurationIsVisible = 0;
			defaultConfigurationName = Release;
		};
		882DC7F02A28183100BD5045 /* Build configuration list for PBXNativeTarget "Fruits" */ = {
			isa = XCConfigurationList;
			buildConfigurations = (
				882DC7F12A28183100BD5045 /* Debug */,
				882DC7F22A28183100BD5045 /* Release */,
			);
			defaultConfigurationIsVisible = 0;
			defaultConfigurationName = Release;
		};
		882DC7F32A28183100BD5045 /* Build configuration list for PBXNativeTarget "FruitsTests" */ = {
			isa = XCConfigurationList;
			buildConfigurations = (
				882DC7F42A28183100BD5045 /* Debug */,
				882DC7F52A28183100BD5045 /* Release */,
			);
			defaultConfigurationIsVisible = 0;
			defaultConfigurationName = Release;
		};
		882DC7F62A28183100BD5045 /* Build configuration list for PBXNativeTarget "FruitsUITests" */ = {
			isa = XCConfigurationList;
			buildConfigurations = (
				882DC7F72A28183100BD5045 /* Debug */,
				882DC7F82A28183100BD5045 /* Release */,
			);
			defaultConfigurationIsVisible = 0;
			defaultConfigurationName = Release;
		};
/* End XCConfigurationList section */
	};
	rootObject = 882DC7C42A28183000BD5045 /* Project object */;
}
